
Microsoft Visual Studio Solution File, Format Version 12.00
# Visual Studio Version 17
VisualStudioVersion = 17.7.34031.279
MinimumVisualStudioVersion = 10.0.40219.1
Project("{FAE04EC0-301F-11D3-BF4B-00C04F79EFBC}") = "Nhanam", "Nhanam.csproj", "{76E4ADCF-C007-4BFE-BB2B-9B9A12BB937F}"
EndProject
Global
	GlobalSection(SolutionConfigurationPlatforms) = preSolution
		Debug|Any CPU = Debug|Any CPU
		Release|Any CPU = Release|Any CPU
	EndGlobalSection
	GlobalSection(ProjectConfigurationPlatforms) = postSolution
		{76E4ADCF-C007-4BFE-BB2B-9B9A12BB937F}.Debug|Any CPU.ActiveCfg = Debug|Any CPU
		{76E4ADCF-C007-4BFE-BB2B-9B9A12BB937F}.Debug|Any CPU.Build.0 = Debug|Any CPU
		{76E4ADCF-C007-4BFE-BB2B-9B9A12BB937F}.Release|Any CPU.ActiveCfg = Release|Any CPU
		{76E4ADCF-C007-4BFE-BB2B-9B9A12BB937F}.Release|Any CPU.Build.0 = Release|Any CPU
	EndGlobalSection
	GlobalSection(SolutionProperties) = preSolution
		HideSolutionNode = FALSE
	EndGlobalSection
	GlobalSection(ExtensibilityGlobals) = postSolution
		SolutionGuid = {88E12587-B38E-4A67-A50A-12C963A54DE9}
	EndGlobalSection
EndGlobal
